// !$*UTF8*$!
{
	archiveVersion = 1;
	classes = {
	};
	objectVersion = 50;
	objects = {

/* Begin PBXBuildFile section */
		4A22197A225AEE3900155AD2 /* AppDelegate.swift in Sources */ = {isa = PBXBuildFile; fileRef = 4A221979225AEE3900155AD2 /* AppDelegate.swift */; };
		4A22197C225AEE3900155AD2 /* ViewController.swift in Sources */ = {isa = PBXBuildFile; fileRef = 4A22197B225AEE3900155AD2 /* ViewController.swift */; };
		4A22197F225AEE3900155AD2 /* Main.storyboard in Resources */ = {isa = PBXBuildFile; fileRef = 4A22197D225AEE3900155AD2 /* Main.storyboard */; };
		4A221981225AEE4A00155AD2 /* Assets.xcassets in Resources */ = {isa = PBXBuildFile; fileRef = 4A221980225AEE4A00155AD2 /* Assets.xcassets */; };
		4A221984225AEE4A00155AD2 /* LaunchScreen.storyboard in Resources */ = {isa = PBXBuildFile; fileRef = 4A221982225AEE4A00155AD2 /* LaunchScreen.storyboard */; };
		4A22198C225AF35B00155AD2 /* HomeViewController.swift in Sources */ = {isa = PBXBuildFile; fileRef = 4A22198B225AF35B00155AD2 /* HomeViewController.swift */; };
		900EE8F664AC99262B50B502 /* Pods_AMSwift.framework in Frameworks */ = {isa = PBXBuildFile; fileRef = B00C1C28BA18C1F307AB3CD5 /* Pods_AMSwift.framework */; };
/* End PBXBuildFile section */

/* Begin PBXFileReference section */
		13D7DF15106FD4C5C622896D /* Pods-AMSwift.release.xcconfig */ = {isa = PBXFileReference; includeInIndex = 1; lastKnownFileType = text.xcconfig; name = "Pods-AMSwift.release.xcconfig"; path = "Target Support Files/Pods-AMSwift/Pods-AMSwift.release.xcconfig"; sourceTree = "<group>"; };
		4A221976225AEE3900155AD2 /* AMSwift.app */ = {isa = PBXFileReference; explicitFileType = wrapper.application; includeInIndex = 0; path = AMSwift.app; sourceTree = BUILT_PRODUCTS_DIR; };
		4A221979225AEE3900155AD2 /* AppDelegate.swift */ = {isa = PBXFileReference; lastKnownFileType = sourcecode.swift; path = AppDelegate.swift; sourceTree = "<group>"; };
		4A22197B225AEE3900155AD2 /* ViewController.swift */ = {isa = PBXFileReference; lastKnownFileType = sourcecode.swift; path = ViewController.swift; sourceTree = "<group>"; };
		4A22197E225AEE3900155AD2 /* Base */ = {isa = PBXFileReference; lastKnownFileType = file.storyboard; name = Base; path = Base.lproj/Main.storyboard; sourceTree = "<group>"; };
		4A221980225AEE4A00155AD2 /* Assets.xcassets */ = {isa = PBXFileReference; lastKnownFileType = folder.assetcatalog; path = Assets.xcassets; sourceTree = "<group>"; };
		4A221983225AEE4A00155AD2 /* Base */ = {isa = PBXFileReference; lastKnownFileType = file.storyboard; name = Base; path = Base.lproj/LaunchScreen.storyboard; sourceTree = "<group>"; };
		4A221985225AEE4A00155AD2 /* Info.plist */ = {isa = PBXFileReference; lastKnownFileType = text.plist.xml; path = Info.plist; sourceTree = "<group>"; };
		4A22198B225AF35B00155AD2 /* HomeViewController.swift */ = {isa = PBXFileReference; lastKnownFileType = sourcecode.swift; path = HomeViewController.swift; sourceTree = "<group>"; };
		B00C1C28BA18C1F307AB3CD5 /* Pods_AMSwift.framework */ = {isa = PBXFileReference; explicitFileType = wrapper.framework; includeInIndex = 0; path = Pods_AMSwift.framework; sourceTree = BUILT_PRODUCTS_DIR; };
		F1D0B6B3DDCD92F317D27666 /* Pods-AMSwift.debug.xcconfig */ = {isa = PBXFileReference; includeInIndex = 1; lastKnownFileType = text.xcconfig; name = "Pods-AMSwift.debug.xcconfig"; path = "Target Support Files/Pods-AMSwift/Pods-AMSwift.debug.xcconfig"; sourceTree = "<group>"; };
/* End PBXFileReference section */

/* Begin PBXFrameworksBuildPhase section */
		4A221973225AEE3900155AD2 /* Frameworks */ = {
			isa = PBXFrameworksBuildPhase;
			buildActionMask = 2147483647;
			files = (
				900EE8F664AC99262B50B502 /* Pods_AMSwift.framework in Frameworks */,
			);
			runOnlyForDeploymentPostprocessing = 0;
		};
/* End PBXFrameworksBuildPhase section */

/* Begin PBXGroup section */
		4A22196D225AEE3900155AD2 = {
			isa = PBXGroup;
			children = (
				4A221978225AEE3900155AD2 /* AMSwift */,
				4A221977225AEE3900155AD2 /* Products */,
				FB989A1C7B72C350002F4B00 /* Pods */,
				57BF0FCF0AE928E781DF9240 /* Frameworks */,
			);
			sourceTree = "<group>";
		};
		4A221977225AEE3900155AD2 /* Products */ = {
			isa = PBXGroup;
			children = (
				4A221976225AEE3900155AD2 /* AMSwift.app */,
			);
			name = Products;
			sourceTree = "<group>";
		};
		4A221978225AEE3900155AD2 /* AMSwift */ = {
			isa = PBXGroup;
			children = (
				4A221979225AEE3900155AD2 /* AppDelegate.swift */,
				4A22197B225AEE3900155AD2 /* ViewController.swift */,
				4A22198B225AF35B00155AD2 /* HomeViewController.swift */,
				4A22197D225AEE3900155AD2 /* Main.storyboard */,
				4A221980225AEE4A00155AD2 /* Assets.xcassets */,
				4A221982225AEE4A00155AD2 /* LaunchScreen.storyboard */,
				4A221985225AEE4A00155AD2 /* Info.plist */,
			);
			path = AMSwift;
			sourceTree = "<group>";
		};
		57BF0FCF0AE928E781DF9240 /* Frameworks */ = {
			isa = PBXGroup;
			children = (
				B00C1C28BA18C1F307AB3CD5 /* Pods_AMSwift.framework */,
			);
			name = Frameworks;
			sourceTree = "<group>";
		};
		FB989A1C7B72C350002F4B00 /* Pods */ = {
			isa = PBXGroup;
			children = (
				F1D0B6B3DDCD92F317D27666 /* Pods-AMSwift.debug.xcconfig */,
				13D7DF15106FD4C5C622896D /* Pods-AMSwift.release.xcconfig */,
			);
			name = Pods;
			path = Pods;
			sourceTree = "<group>";
		};
/* End PBXGroup section */

/* Begin PBXNativeTarget section */
		4A221975225AEE3900155AD2 /* AMSwift */ = {
			isa = PBXNativeTarget;
			buildConfigurationList = 4A221988225AEE4A00155AD2 /* Build configuration list for PBXNativeTarget "AMSwift" */;
			buildPhases = (
				8A7707AB0BB93F81358ED6BE /* [CP] Check Pods Manifest.lock */,
				4A221972225AEE3900155AD2 /* Sources */,
				4A221973225AEE3900155AD2 /* Frameworks */,
				4A221974225AEE3900155AD2 /* Resources */,
				D88C386D5A0ABCAAE12ED0FB /* [CP] Embed Pods Frameworks */,
			);
			buildRules = (
			);
			dependencies = (
			);
			name = AMSwift;
			productName = AMSwift;
			productReference = 4A221976225AEE3900155AD2 /* AMSwift.app */;
			productType = "com.apple.product-type.application";
		};
/* End PBXNativeTarget section */

/* Begin PBXProject section */
		4A22196E225AEE3900155AD2 /* Project object */ = {
			isa = PBXProject;
			attributes = {
				LastSwiftUpdateCheck = 1010;
				LastUpgradeCheck = 1010;
				ORGANIZATIONNAME = gyh;
				TargetAttributes = {
					4A221975225AEE3900155AD2 = {
						CreatedOnToolsVersion = 10.1;
					};
				};
			};
			buildConfigurationList = 4A221971225AEE3900155AD2 /* Build configuration list for PBXProject "AMSwift" */;
			compatibilityVersion = "Xcode 9.3";
			developmentRegion = en;
			hasScannedForEncodings = 0;
			knownRegions = (
				en,
				Base,
			);
			mainGroup = 4A22196D225AEE3900155AD2;
			productRefGroup = 4A221977225AEE3900155AD2 /* Products */;
			projectDirPath = "";
			projectRoot = "";
			targets = (
				4A221975225AEE3900155AD2 /* AMSwift */,
			);
		};
/* End PBXProject section */

/* Begin PBXResourcesBuildPhase section */
		4A221974225AEE3900155AD2 /* Resources */ = {
			isa = PBXResourcesBuildPhase;
			buildActionMask = 2147483647;
			files = (
				4A221984225AEE4A00155AD2 /* LaunchScreen.storyboard in Resources */,
				4A221981225AEE4A00155AD2 /* Assets.xcassets in Resources */,
				4A22197F225AEE3900155AD2 /* Main.storyboard in Resources */,
			);
			runOnlyForDeploymentPostprocessing = 0;
		};
/* End PBXResourcesBuildPhase section */

/* Begin PBXShellScriptBuildPhase section */
		8A7707AB0BB93F81358ED6BE /* [CP] Check Pods Manifest.lock */ = {
			isa = PBXShellScriptBuildPhase;
			buildActionMask = 2147483647;
			files = (
			);
			inputFileListPaths = (
			);
			inputPaths = (
				"${PODS_PODFILE_DIR_PATH}/Podfile.lock",
				"${PODS_ROOT}/Manifest.lock",
			);
			name = "[CP] Check Pods Manifest.lock";
			outputFileListPaths = (
			);
			outputPaths = (
				"$(DERIVED_FILE_DIR)/Pods-AMSwift-checkManifestLockResult.txt",
			);
			runOnlyForDeploymentPostprocessing = 0;
			shellPath = /bin/sh;
			shellScript = "diff \"${PODS_PODFILE_DIR_PATH}/Podfile.lock\" \"${PODS_ROOT}/Manifest.lock\" > /dev/null\nif [ $? != 0 ] ; then\n    # print error to STDERR\n    echo \"error: The sandbox is not in sync with the Podfile.lock. Run 'pod install' or update your CocoaPods installation.\" >&2\n    exit 1\nfi\n# This output is used by Xcode 'outputs' to avoid re-running this script phase.\necho \"SUCCESS\" > \"${SCRIPT_OUTPUT_FILE_0}\"\n";
			showEnvVarsInLog = 0;
		};
		D88C386D5A0ABCAAE12ED0FB /* [CP] Embed Pods Frameworks */ = {
			isa = PBXShellScriptBuildPhase;
			buildActionMask = 2147483647;
			files = (
			);
			inputFileListPaths = (
			);
			inputPaths = (
				"${PODS_ROOT}/Target Support Files/Pods-AMSwift/Pods-AMSwift-frameworks.sh",
				"${BUILT_PRODUCTS_DIR}/SnapKit/SnapKit.framework",
			);
			name = "[CP] Embed Pods Frameworks";
			outputFileListPaths = (
			);
			outputPaths = (
				"${TARGET_BUILD_DIR}/${FRAMEWORKS_FOLDER_PATH}/SnapKit.framework",
			);
			runOnlyForDeploymentPostprocessing = 0;
			shellPath = /bin/sh;
			shellScript = "\"${PODS_ROOT}/Target Support Files/Pods-AMSwift/Pods-AMSwift-frameworks.sh\"\n";
			showEnvVarsInLog = 0;
		};
/* End PBXShellScriptBuildPhase section */

/* Begin PBXSourcesBuildPhase section */
		4A221972225AEE3900155AD2 /* Sources */ = {
			isa = PBXSourcesBuildPhase;
			buildActionMask = 2147483647;
			files = (
				4A22197C225AEE3900155AD2 /* ViewController.swift in Sources */,
				4A22197A225AEE3900155AD2 /* AppDelegate.swift in Sources */,
				4A22198C225AF35B00155AD2 /* HomeViewController.swift in Sources */,
			);
			runOnlyForDeploymentPostprocessing = 0;
		};
/* End PBXSourcesBuildPhase section */

/* Begin PBXVariantGroup section */
		4A22197D225AEE3900155AD2 /* Main.storyboard */ = {
			isa = PBXVariantGroup;
			children = (
				4A22197E225AEE3900155AD2 /* Base */,
			);
			name = Main.storyboard;
			sourceTree = "<group>";
		};
		4A221982225AEE4A00155AD2 /* LaunchScreen.storyboard */ = {
			isa = PBXVariantGroup;
			children = (
				4A221983225AEE4A00155AD2 /* Base */,
			);
			name = LaunchScreen.storyboard;
			sourceTree = "<group>";
		};
/* End PBXVariantGroup section */

/* Begin XCBuildConfiguration section */
		4A221986225AEE4A00155AD2 /* Debug */ = {
			isa = XCBuildConfiguration;
			buildSettings = {
				ALWAYS_SEARCH_USER_PATHS = NO;
				CLANG_ANALYZER_NONNULL = YES;
				CLANG_ANALYZER_NUMBER_OBJECT_CONVERSION = YES_AGGRESSIVE;
				CLANG_CXX_LANGUAGE_STANDARD = "gnu++14";
				CLANG_CXX_LIBRARY = "libc++";
				CLANG_ENABLE_MODULES = YES;
				CLANG_ENABLE_OBJC_ARC = YES;
				CLANG_ENABLE_OBJC_WEAK = YES;
				CLANG_WARN_BLOCK_CAPTURE_AUTORELEASING = YES;
				CLANG_WARN_BOOL_CONVERSION = YES;
				CLANG_WARN_COMMA = YES;
				CLANG_WARN_CONSTANT_CONVERSION = YES;
				CLANG_WARN_DEPRECATED_OBJC_IMPLEMENTATIONS = YES;
				CLANG_WARN_DIRECT_OBJC_ISA_USAGE = YES_ERROR;
				CLANG_WARN_DOCUMENTATION_COMMENTS = YES;
				CLANG_WARN_EMPTY_BODY = YES;
				CLANG_WARN_ENUM_CONVERSION = YES;
				CLANG_WARN_INFINITE_RECURSION = YES;
				CLANG_WARN_INT_CONVERSION = YES;
				CLANG_WARN_NON_LITERAL_NULL_CONVERSION = YES;
				CLANG_WARN_OBJC_IMPLICIT_RETAIN_SELF = YES;
				CLANG_WARN_OBJC_LITERAL_CONVERSION = YES;
				CLANG_WARN_OBJC_ROOT_CLASS = YES_ERROR;
				CLANG_WARN_RANGE_LOOP_ANALYSIS = YES;
				CLANG_WARN_STRICT_PROTOTYPES = YES;
				CLANG_WARN_SUSPICIOUS_MOVE = YES;
				CLANG_WARN_UNGUARDED_AVAILABILITY = YES_AGGRESSIVE;
				CLANG_WARN_UNREACHABLE_CODE = YES;
				CLANG_WARN__DUPLICATE_METHOD_MATCH = YES;
				CODE_SIGN_IDENTITY = "iPhone Developer";
				COPY_PHASE_STRIP = NO;
				DEBUG_INFORMATION_FORMAT = dwarf;
				ENABLE_STRICT_OBJC_MSGSEND = YES;
				ENABLE_TESTABILITY = YES;
				GCC_C_LANGUAGE_STANDARD = gnu11;
				GCC_DYNAMIC_NO_PIC = NO;
				GCC_NO_COMMON_BLOCKS = YES;
				GCC_OPTIMIZATION_LEVEL = 0;
				GCC_PREPROCESSOR_DEFINITIONS = (
					"DEBUG=1",
					"$(inherited)",
				);
				GCC_WARN_64_TO_32_BIT_CONVERSION = YES;
				GCC_WARN_ABOUT_RETURN_TYPE = YES_ERROR;
				GCC_WARN_UNDECLARED_SELECTOR = YES;
				GCC_WARN_UNINITIALIZED_AUTOS = YES_AGGRESSIVE;
				GCC_WARN_UNUSED_FUNCTION = YES;
				GCC_WARN_UNUSED_VARIABLE = YES;
				IPHONEOS_DEPLOYMENT_TARGET = 12.1;
				MTL_ENABLE_DEBUG_INFO = INCLUDE_SOURCE;
				MTL_FAST_MATH = YES;
				ONLY_ACTIVE_ARCH = YES;
				SDKROOT = iphoneos;
				SWIFT_ACTIVE_COMPILATION_CONDITIONS = DEBUG;
				SWIFT_OPTIMIZATION_LEVEL = "-Onone";
			};
			name = Debug;
		};
		4A221987225AEE4A00155AD2 /* Release */ = {
			isa = XCBuildConfiguration;
			buildSettings = {
				ALWAYS_SEARCH_USER_PATHS = NO;
				CLANG_ANALYZER_NONNULL = YES;
				CLANG_ANALYZER_NUMBER_OBJECT_CONVERSION = YES_AGGRESSIVE;
				CLANG_CXX_LANGUAGE_STANDARD = "gnu++14";
				CLANG_CXX_LIBRARY = "libc++";
				CLANG_ENABLE_MODULES = YES;
				CLANG_ENABLE_OBJC_ARC = YES;
				CLANG_ENABLE_OBJC_WEAK = YES;
				CLANG_WARN_BLOCK_CAPTURE_AUTORELEASING = YES;
				CLANG_WARN_BOOL_CONVERSION = YES;
				CLANG_WARN_COMMA = YES;
				CLANG_WARN_CONSTANT_CONVERSION = YES;
				CLANG_WARN_DEPRECATED_OBJC_IMPLEMENTATIONS = YES;
				CLANG_WARN_DIRECT_OBJC_ISA_USAGE = YES_ERROR;
				CLANG_WARN_DOCUMENTATION_COMMENTS = YES;
				CLANG_WARN_EMPTY_BODY = YES;
				CLANG_WARN_ENUM_CONVERSION = YES;
				CLANG_WARN_INFINITE_RECURSION = YES;
				CLANG_WARN_INT_CONVERSION = YES;
				CLANG_WARN_NON_LITERAL_NULL_CONVERSION = YES;
				CLANG_WARN_OBJC_IMPLICIT_RETAIN_SELF = YES;
				CLANG_WARN_OBJC_LITERAL_CONVERSION = YES;
				CLANG_WARN_OBJC_ROOT_CLASS = YES_ERROR;
				CLANG_WARN_RANGE_LOOP_ANALYSIS = YES;
				CLANG_WARN_STRICT_PROTOTYPES = YES;
				CLANG_WARN_SUSPICIOUS_MOVE = YES;
				CLANG_WARN_UNGUARDED_AVAILABILITY = YES_AGGRESSIVE;
				CLANG_WARN_UNREACHABLE_CODE = YES;
				CLANG_WARN__DUPLICATE_METHOD_MATCH = YES;
				CODE_SIGN_IDENTITY = "iPhone Developer";
				COPY_PHASE_STRIP = NO;
				DEBUG_INFORMATION_FORMAT = "dwarf-with-dsym";
				ENABLE_NS_ASSERTIONS = NO;
				ENABLE_STRICT_OBJC_MSGSEND = YES;
				GCC_C_LANGUAGE_STANDARD = gnu11;
				GCC_NO_COMMON_BLOCKS = YES;
				GCC_WARN_64_TO_32_BIT_CONVERSION = YES;
				GCC_WARN_ABOUT_RETURN_TYPE = YES_ERROR;
				GCC_WARN_UNDECLARED_SELECTOR = YES;
				GCC_WARN_UNINITIALIZED_AUTOS = YES_AGGRESSIVE;
				GCC_WARN_UNUSED_FUNCTION = YES;
				GCC_WARN_UNUSED_VARIABLE = YES;
				IPHONEOS_DEPLOYMENT_TARGET = 12.1;
				MTL_ENABLE_DEBUG_INFO = NO;
				MTL_FAST_MATH = YES;
				SDKROOT = iphoneos;
				SWIFT_COMPILATION_MODE = wholemodule;
				SWIFT_OPTIMIZATION_LEVEL = "-O";
				VALIDATE_PRODUCT = YES;
			};
			name = Release;
		};
		4A221989225AEE4A00155AD2 /* Debug */ = {
			isa = XCBuildConfiguration;
			baseConfigurationReference = F1D0B6B3DDCD92F317D27666 /* Pods-AMSwift.debug.xcconfig */;
			buildSettings = {
				ASSETCATALOG_COMPILER_APPICON_NAME = AppIcon;
				CODE_SIGN_STYLE = Automatic;
				DEVELOPMENT_TEAM = WZ29ULHSK9;
				INFOPLIST_FILE = AMSwift/Info.plist;
				LD_RUNPATH_SEARCH_PATHS = (
					"$(inherited)",
					"@executable_path/Frameworks",
				);
				PRODUCT_BUNDLE_IDENTIFIER = com.AM.AMSwift;
				PRODUCT_NAME = "$(TARGET_NAME)";
				SWIFT_VERSION = 4.2;
				TARGETED_DEVICE_FAMILY = "1,2";
			};
			name = Debug;
		};
		4A22198A225AEE4A00155AD2 /* Release */ = {
			isa = XCBuildConfiguration;
			baseConfigurationReference = 13D7DF15106FD4C5C622896D /* Pods-AMSwift.release.xcconfig */;
			buildSettings = {
				ASSETCATALOG_COMPILER_APPICON_NAME = AppIcon;
				CODE_SIGN_STYLE = Automatic;
				DEVELOPMENT_TEAM = WZ29ULHSK9;
				INFOPLIST_FILE = AMSwift/Info.plist;
				LD_RUNPATH_SEARCH_PATHS = (
					"$(inherited)",
					"@executable_path/Frameworks",
				);
				PRODUCT_BUNDLE_IDENTIFIER = com.AM.AMSwift;
				PRODUCT_NAME = "$(TARGET_NAME)";
				SWIFT_VERSION = 4.2;
				TARGETED_DEVICE_FAMILY = "1,2";
			};
			name = Release;
		};
/* End XCBuildConfiguration section */

/* Begin XCConfigurationList section */
		4A221971225AEE3900155AD2 /* Build configuration list for PBXProject "AMSwift" */ = {
			isa = XCConfigurationList;
			buildConfigurations = (
				4A221986225AEE4A00155AD2 /* Debug */,
				4A221987225AEE4A00155AD2 /* Release */,
			);
			defaultConfigurationIsVisible = 0;
			defaultConfigurationName = Release;
		};
		4A221988225AEE4A00155AD2 /* Build configuration list for PBXNativeTarget "AMSwift" */ = {
			isa = XCConfigurationList;
			buildConfigurations = (
				4A221989225AEE4A00155AD2 /* Debug */,
				4A22198A225AEE4A00155AD2 /* Release */,
			);
			defaultConfigurationIsVisible = 0;
			defaultConfigurationName = Release;
		};
/* End XCConfigurationList section */
	};
	rootObject = 4A22196E225AEE3900155AD2 /* Project object */;
}
